
Microsoft Visual Studio Solution File, Format Version 12.00
# Visual Studio Version 16
VisualStudioVersion = 16.0.30523.141
MinimumVisualStudioVersion = 10.0.40219.1
Project("{FAE04EC0-301F-11D3-BF4B-00C04F79EFBC}") = "WindowsFormsApp1", "WindowsFormsApp1\WindowsFormsApp1.csproj", "{3DFD3DBA-BA46-401A-A8E9-345FF45584A6}"
EndProject
Global
	GlobalSection(SolutionConfigurationPlatforms) = preSolution
		Debug|Any CPU = Debug|Any CPU
		Release|Any CPU = Release|Any CPU
	EndGlobalSection
	GlobalSection(ProjectConfigurationPlatforms) = postSolution
		{3DFD3DBA-BA46-401A-A8E9-345FF45584A6}.Debug|Any CPU.ActiveCfg = Debug|Any CPU
		{3DFD3DBA-BA46-401A-A8E9-345FF45584A6}.Debug|Any CPU.Build.0 = Debug|Any CPU
		{3DFD3DBA-BA46-401A-A8E9-345FF45584A6}.Release|Any CPU.ActiveCfg = Release|Any CPU
		{3DFD3DBA-BA46-401A-A8E9-345FF45584A6}.Release|Any CPU.Build.0 = Release|Any CPU
	EndGlobalSection
	GlobalSection(SolutionProperties) = preSolution
		HideSolutionNode = FALSE
	EndGlobalSection
	GlobalSection(ExtensibilityGlobals) = postSolution
		SolutionGuid = {C0FB9E10-E1C7-4CE4-9512-D1AB0B45BD56}
	EndGlobalSection
EndGlobal
